
Microsoft Visual Studio Solution File, Format Version 12.00
# Visual Studio Version 17
VisualStudioVersion = 17.5.33530.505
MinimumVisualStudioVersion = 10.0.40219.1
Project("{FAE04EC0-301F-11D3-BF4B-00C04F79EFBC}") = "Communication.Api", "Communication.Api\Communication.Api.csproj", "{4FD89B7A-81F7-47D6-BF78-51928E1E84CA}"
EndProject
Global
	GlobalSection(SolutionConfigurationPlatforms) = preSolution
		Debug|Any CPU = Debug|Any CPU
		Release|Any CPU = Release|Any CPU
	EndGlobalSection
	GlobalSection(ProjectConfigurationPlatforms) = postSolution
		{4FD89B7A-81F7-47D6-BF78-51928E1E84CA}.Debug|Any CPU.ActiveCfg = Debug|Any CPU
		{4FD89B7A-81F7-47D6-BF78-51928E1E84CA}.Debug|Any CPU.Build.0 = Debug|Any CPU
		{4FD89B7A-81F7-47D6-BF78-51928E1E84CA}.Release|Any CPU.ActiveCfg = Release|Any CPU
		{4FD89B7A-81F7-47D6-BF78-51928E1E84CA}.Release|Any CPU.Build.0 = Release|Any CPU
	EndGlobalSection
	GlobalSection(SolutionProperties) = preSolution
		HideSolutionNode = FALSE
	EndGlobalSection
	GlobalSection(ExtensibilityGlobals) = postSolution
		SolutionGuid = {185B2D63-7866-400D-83F5-A9B0595ED7D7}
	EndGlobalSection
EndGlobal
